
Microsoft Visual Studio Solution File, Format Version 12.00
# Visual Studio Version 17
VisualStudioVersion = 17.7.34202.233
MinimumVisualStudioVersion = 10.0.40219.1
Project("{FAE04EC0-301F-11D3-BF4B-00C04F79EFBC}") = "LongestCommonPrefix", "LongestCommonPrefix\LongestCommonPrefix.csproj", "{B7F8645B-D2A7-4A0E-8FBB-3E58116E1DEC}"
EndProject
Project("{FAE04EC0-301F-11D3-BF4B-00C04F79EFBC}") = "RomanToInteger", "RomanToInteger\RomanToInteger.csproj", "{C38506B2-33D7-40A9-9B8F-BBCE443A86C1}"
EndProject
Project("{FAE04EC0-301F-11D3-BF4B-00C04F79EFBC}") = "PalindromeNumber", "PalindromeNumber\PalindromeNumber.csproj", "{482DFC5F-B684-4915-9584-17ADA5F207DB}"
EndProject
Global
	GlobalSection(SolutionConfigurationPlatforms) = preSolution
		Debug|Any CPU = Debug|Any CPU
		Release|Any CPU = Release|Any CPU
	EndGlobalSection
	GlobalSection(ProjectConfigurationPlatforms) = postSolution
		{B7F8645B-D2A7-4A0E-8FBB-3E58116E1DEC}.Debug|Any CPU.ActiveCfg = Debug|Any CPU
		{B7F8645B-D2A7-4A0E-8FBB-3E58116E1DEC}.Debug|Any CPU.Build.0 = Debug|Any CPU
		{B7F8645B-D2A7-4A0E-8FBB-3E58116E1DEC}.Release|Any CPU.ActiveCfg = Release|Any CPU
		{B7F8645B-D2A7-4A0E-8FBB-3E58116E1DEC}.Release|Any CPU.Build.0 = Release|Any CPU
		{C38506B2-33D7-40A9-9B8F-BBCE443A86C1}.Debug|Any CPU.ActiveCfg = Debug|Any CPU
		{C38506B2-33D7-40A9-9B8F-BBCE443A86C1}.Debug|Any CPU.Build.0 = Debug|Any CPU
		{C38506B2-33D7-40A9-9B8F-BBCE443A86C1}.Release|Any CPU.ActiveCfg = Release|Any CPU
		{C38506B2-33D7-40A9-9B8F-BBCE443A86C1}.Release|Any CPU.Build.0 = Release|Any CPU
		{482DFC5F-B684-4915-9584-17ADA5F207DB}.Debug|Any CPU.ActiveCfg = Debug|Any CPU
		{482DFC5F-B684-4915-9584-17ADA5F207DB}.Debug|Any CPU.Build.0 = Debug|Any CPU
		{482DFC5F-B684-4915-9584-17ADA5F207DB}.Release|Any CPU.ActiveCfg = Release|Any CPU
		{482DFC5F-B684-4915-9584-17ADA5F207DB}.Release|Any CPU.Build.0 = Release|Any CPU
	EndGlobalSection
	GlobalSection(SolutionProperties) = preSolution
		HideSolutionNode = FALSE
	EndGlobalSection
	GlobalSection(ExtensibilityGlobals) = postSolution
		SolutionGuid = {10820B78-EA2B-461C-83FE-E70F5878B91B}
	EndGlobalSection
EndGlobal
